
Microsoft Visual Studio Solution File, Format Version 12.00
# Visual Studio Version 17
VisualStudioVersion = 17.4.33103.184
MinimumVisualStudioVersion = 10.0.40219.1
Project("{FAE04EC0-301F-11D3-BF4B-00C04F79EFBC}") = "SockPairs", "SockPairs\SockPairs.csproj", "{862FF417-AACB-4E8E-AA02-7E178354CFC9}"
EndProject
Project("{FAE04EC0-301F-11D3-BF4B-00C04F79EFBC}") = "SockPairs.Tests", "SockPairs.Tests\SockPairs.Tests.csproj", "{003C493A-CD5A-4881-A857-95307260BE8D}"
EndProject
Global
	GlobalSection(SolutionConfigurationPlatforms) = preSolution
		Debug|Any CPU = Debug|Any CPU
		Release|Any CPU = Release|Any CPU
	EndGlobalSection
	GlobalSection(ProjectConfigurationPlatforms) = postSolution
		{862FF417-AACB-4E8E-AA02-7E178354CFC9}.Debug|Any CPU.ActiveCfg = Debug|Any CPU
		{862FF417-AACB-4E8E-AA02-7E178354CFC9}.Debug|Any CPU.Build.0 = Debug|Any CPU
		{862FF417-AACB-4E8E-AA02-7E178354CFC9}.Release|Any CPU.ActiveCfg = Release|Any CPU
		{862FF417-AACB-4E8E-AA02-7E178354CFC9}.Release|Any CPU.Build.0 = Release|Any CPU
		{003C493A-CD5A-4881-A857-95307260BE8D}.Debug|Any CPU.ActiveCfg = Debug|Any CPU
		{003C493A-CD5A-4881-A857-95307260BE8D}.Debug|Any CPU.Build.0 = Debug|Any CPU
		{003C493A-CD5A-4881-A857-95307260BE8D}.Release|Any CPU.ActiveCfg = Release|Any CPU
		{003C493A-CD5A-4881-A857-95307260BE8D}.Release|Any CPU.Build.0 = Release|Any CPU
	EndGlobalSection
	GlobalSection(SolutionProperties) = preSolution
		HideSolutionNode = FALSE
	EndGlobalSection
	GlobalSection(ExtensibilityGlobals) = postSolution
		SolutionGuid = {1E9F0259-88E9-4941-B1F5-89E525A0B228}
	EndGlobalSection
EndGlobal
